
Microsoft Visual Studio Solution File, Format Version 12.00
# Visual Studio Version 17
VisualStudioVersion = 17.8.34408.163
MinimumVisualStudioVersion = 10.0.40219.1
Project("{E53339B2-1760-4266-BCC7-CA923CBCF16C}") = "docker-compose", "docker-compose.dcproj", "{4958719F-65AF-4C44-BBE7-74274EDA8061}"
	ProjectSection(ProjectDependencies) = postProject
		{2C59E140-58BE-2575-EFA6-5EEF08D86238} = {2C59E140-58BE-2575-EFA6-5EEF08D86238}
		{548A50E3-9147-5DAB-AC74-5E390F332D31} = {548A50E3-9147-5DAB-AC74-5E390F332D31}
		{D4631D18-5795-4F5D-A91E-FC7715CA46B7} = {D4631D18-5795-4F5D-A91E-FC7715CA46B7}
		{E0D9B6D2-DDDC-477F-BF0D-8DFA9145AE36} = {E0D9B6D2-DDDC-477F-BF0D-8DFA9145AE36}
		{FA8E72E6-E4EE-59A0-E5A6-908CA946C41A} = {FA8E72E6-E4EE-59A0-E5A6-908CA946C41A}
	EndProjectSection
EndProject
Project("{2150E333-8FDC-42A3-9474-1A3956D46DE8}") = "src", "src", "{25850452-FB78-44DC-8B35-BBB98699EA6D}"
EndProject
Project("{2150E333-8FDC-42A3-9474-1A3956D46DE8}") = "postman", "postman", "{C0F5B0E9-BAA5-4A2C-8B6B-F4CE1E67B556}"
	ProjectSection(SolutionItems) = preProject
		postman\Docker.postman_environment.json = postman\Docker.postman_environment.json
		postman\Ecommerce-Shop.postman_collection.json = postman\Ecommerce-Shop.postman_collection.json
		postman\Localhost.postman_environment.json = postman\Localhost.postman_environment.json
	EndProjectSection
EndProject
Project("{2150E333-8FDC-42A3-9474-1A3956D46DE8}") = "tests", "tests", "{CDD49D86-6C6E-469E-9CEB-1A67B5062B8E}"
EndProject
Project("{9A19103F-16F7-4668-BE54-9A1E7A4F7556}") = "CatalogServiceTests", "tests\CtalogServiceTests\CatalogServiceTests.csproj", "{E0D9B6D2-DDDC-477F-BF0D-8DFA9145AE36}"
EndProject
Project("{2150E333-8FDC-42A3-9474-1A3956D46DE8}") = "Services", "Services", "{E8939563-FC9A-400D-A8CD-21EE2C7AD469}"
EndProject
Project("{FAE04EC0-301F-11D3-BF4B-00C04F79EFBC}") = "BasketServiceTests", "tests\BasketServiceTests\BasketServiceTests.csproj", "{D4631D18-5795-4F5D-A91E-FC7715CA46B7}"
EndProject
Project("{FAE04EC0-301F-11D3-BF4B-00C04F79EFBC}") = "Basket.API", "src\Services\Basket\Basket.API.csproj", "{548A50E3-9147-5DAB-AC74-5E390F332D31}"
EndProject
Project("{FAE04EC0-301F-11D3-BF4B-00C04F79EFBC}") = "Catalog.API", "src\Services\Catalog\Catalog.API.csproj", "{FA8E72E6-E4EE-59A0-E5A6-908CA946C41A}"
EndProject
Project("{FAE04EC0-301F-11D3-BF4B-00C04F79EFBC}") = "BuildingBlocks", "src\BuildingBlocks\BuildingBlocks.csproj", "{2C59E140-58BE-2575-EFA6-5EEF08D86238}"
EndProject
Project("{2150E333-8FDC-42A3-9474-1A3956D46DE8}") = "configuration", "configuration", "{02EA681E-C7D8-13C7-8484-4AC65E1B71E8}"
	ProjectSection(SolutionItems) = preProject
		.github\workflows\ci-cd.yml = .github\workflows\ci-cd.yml
	EndProjectSection
EndProject
Global
	GlobalSection(SolutionConfigurationPlatforms) = preSolution
		Debug|Any CPU = Debug|Any CPU
		Release|Any CPU = Release|Any CPU
	EndGlobalSection
	GlobalSection(ProjectConfigurationPlatforms) = postSolution
		{4958719F-65AF-4C44-BBE7-74274EDA8061}.Debug|Any CPU.ActiveCfg = Debug|Any CPU
		{4958719F-65AF-4C44-BBE7-74274EDA8061}.Debug|Any CPU.Build.0 = Debug|Any CPU
		{4958719F-65AF-4C44-BBE7-74274EDA8061}.Release|Any CPU.ActiveCfg = Release|Any CPU
		{4958719F-65AF-4C44-BBE7-74274EDA8061}.Release|Any CPU.Build.0 = Release|Any CPU
		{E0D9B6D2-DDDC-477F-BF0D-8DFA9145AE36}.Debug|Any CPU.ActiveCfg = Debug|Any CPU
		{E0D9B6D2-DDDC-477F-BF0D-8DFA9145AE36}.Debug|Any CPU.Build.0 = Debug|Any CPU
		{E0D9B6D2-DDDC-477F-BF0D-8DFA9145AE36}.Release|Any CPU.ActiveCfg = Release|Any CPU
		{E0D9B6D2-DDDC-477F-BF0D-8DFA9145AE36}.Release|Any CPU.Build.0 = Release|Any CPU
		{D4631D18-5795-4F5D-A91E-FC7715CA46B7}.Debug|Any CPU.ActiveCfg = Debug|Any CPU
		{D4631D18-5795-4F5D-A91E-FC7715CA46B7}.Debug|Any CPU.Build.0 = Debug|Any CPU
		{D4631D18-5795-4F5D-A91E-FC7715CA46B7}.Release|Any CPU.ActiveCfg = Release|Any CPU
		{D4631D18-5795-4F5D-A91E-FC7715CA46B7}.Release|Any CPU.Build.0 = Release|Any CPU
		{548A50E3-9147-5DAB-AC74-5E390F332D31}.Debug|Any CPU.ActiveCfg = Debug|Any CPU
		{548A50E3-9147-5DAB-AC74-5E390F332D31}.Debug|Any CPU.Build.0 = Debug|Any CPU
		{548A50E3-9147-5DAB-AC74-5E390F332D31}.Release|Any CPU.ActiveCfg = Release|Any CPU
		{548A50E3-9147-5DAB-AC74-5E390F332D31}.Release|Any CPU.Build.0 = Release|Any CPU
		{FA8E72E6-E4EE-59A0-E5A6-908CA946C41A}.Debug|Any CPU.ActiveCfg = Debug|Any CPU
		{FA8E72E6-E4EE-59A0-E5A6-908CA946C41A}.Debug|Any CPU.Build.0 = Debug|Any CPU
		{FA8E72E6-E4EE-59A0-E5A6-908CA946C41A}.Release|Any CPU.ActiveCfg = Release|Any CPU
		{FA8E72E6-E4EE-59A0-E5A6-908CA946C41A}.Release|Any CPU.Build.0 = Release|Any CPU
		{2C59E140-58BE-2575-EFA6-5EEF08D86238}.Debug|Any CPU.ActiveCfg = Debug|Any CPU
		{2C59E140-58BE-2575-EFA6-5EEF08D86238}.Debug|Any CPU.Build.0 = Debug|Any CPU
		{2C59E140-58BE-2575-EFA6-5EEF08D86238}.Release|Any CPU.ActiveCfg = Release|Any CPU
		{2C59E140-58BE-2575-EFA6-5EEF08D86238}.Release|Any CPU.Build.0 = Release|Any CPU
	EndGlobalSection
	GlobalSection(SolutionProperties) = preSolution
		HideSolutionNode = FALSE
	EndGlobalSection
	GlobalSection(NestedProjects) = preSolution
		{4958719F-65AF-4C44-BBE7-74274EDA8061} = {02EA681E-C7D8-13C7-8484-4AC65E1B71E8}
		{E0D9B6D2-DDDC-477F-BF0D-8DFA9145AE36} = {CDD49D86-6C6E-469E-9CEB-1A67B5062B8E}
		{E8939563-FC9A-400D-A8CD-21EE2C7AD469} = {25850452-FB78-44DC-8B35-BBB98699EA6D}
		{D4631D18-5795-4F5D-A91E-FC7715CA46B7} = {CDD49D86-6C6E-469E-9CEB-1A67B5062B8E}
		{548A50E3-9147-5DAB-AC74-5E390F332D31} = {E8939563-FC9A-400D-A8CD-21EE2C7AD469}
		{FA8E72E6-E4EE-59A0-E5A6-908CA946C41A} = {E8939563-FC9A-400D-A8CD-21EE2C7AD469}
		{2C59E140-58BE-2575-EFA6-5EEF08D86238} = {25850452-FB78-44DC-8B35-BBB98699EA6D}
	EndGlobalSection
	GlobalSection(ExtensibilityGlobals) = postSolution
		SolutionGuid = {563AFC2D-3DB8-4D08-9886-423C39C3A035}
	EndGlobalSection
EndGlobal
